
Microsoft Visual Studio Solution File, Format Version 12.00
Project("{FAE04EC0-301F-11D3-BF4B-00C04F79EFBC}") = "test-next-13-backend-cSharp-Project", "test-next-13-backend-cSharp-Project\test-next-13-backend-cSharp-Project.csproj", "{6B6FE458-DCF5-4664-B8CB-7CAABC16CDED}"
EndProject
Global
	GlobalSection(SolutionConfigurationPlatforms) = preSolution
		Debug|Any CPU = Debug|Any CPU
		Release|Any CPU = Release|Any CPU
	EndGlobalSection
	GlobalSection(ProjectConfigurationPlatforms) = postSolution
		{6B6FE458-DCF5-4664-B8CB-7CAABC16CDED}.Debug|Any CPU.ActiveCfg = Debug|Any CPU
		{6B6FE458-DCF5-4664-B8CB-7CAABC16CDED}.Debug|Any CPU.Build.0 = Debug|Any CPU
		{6B6FE458-DCF5-4664-B8CB-7CAABC16CDED}.Release|Any CPU.ActiveCfg = Release|Any CPU
		{6B6FE458-DCF5-4664-B8CB-7CAABC16CDED}.Release|Any CPU.Build.0 = Release|Any CPU
	EndGlobalSection
EndGlobal
